
Microsoft Visual Studio Solution File, Format Version 12.00
# Visual Studio Version 17
VisualStudioVersion = 17.6.33723.286
MinimumVisualStudioVersion = 10.0.40219.1
Project("{FAE04EC0-301F-11D3-BF4B-00C04F79EFBC}") = "WhatIsModel", "WhatIsModel\WhatIsModel.csproj", "{1A20A207-C388-43D2-8D67-8278CF2E4982}"
EndProject
Project("{FAE04EC0-301F-11D3-BF4B-00C04F79EFBC}") = "EFCoreConventions", "EFCoreConventions\EFCoreConventions.csproj", "{48C08644-7634-4FCA-9071-1DB3DBCC4A55}"
EndProject
Global
	GlobalSection(SolutionConfigurationPlatforms) = preSolution
		Debug|Any CPU = Debug|Any CPU
		Release|Any CPU = Release|Any CPU
	EndGlobalSection
	GlobalSection(ProjectConfigurationPlatforms) = postSolution
		{1A20A207-C388-43D2-8D67-8278CF2E4982}.Debug|Any CPU.ActiveCfg = Debug|Any CPU
		{1A20A207-C388-43D2-8D67-8278CF2E4982}.Debug|Any CPU.Build.0 = Debug|Any CPU
		{1A20A207-C388-43D2-8D67-8278CF2E4982}.Release|Any CPU.ActiveCfg = Release|Any CPU
		{1A20A207-C388-43D2-8D67-8278CF2E4982}.Release|Any CPU.Build.0 = Release|Any CPU
		{48C08644-7634-4FCA-9071-1DB3DBCC4A55}.Debug|Any CPU.ActiveCfg = Debug|Any CPU
		{48C08644-7634-4FCA-9071-1DB3DBCC4A55}.Debug|Any CPU.Build.0 = Debug|Any CPU
		{48C08644-7634-4FCA-9071-1DB3DBCC4A55}.Release|Any CPU.ActiveCfg = Release|Any CPU
		{48C08644-7634-4FCA-9071-1DB3DBCC4A55}.Release|Any CPU.Build.0 = Release|Any CPU
	EndGlobalSection
	GlobalSection(SolutionProperties) = preSolution
		HideSolutionNode = FALSE
	EndGlobalSection
	GlobalSection(ExtensibilityGlobals) = postSolution
		SolutionGuid = {665DD2F8-DA50-4FC0-A8F4-AE21512AA050}
	EndGlobalSection
EndGlobal
